// !$*UTF8*$!
{
	archiveVersion = 1;
	classes = {
	};
	objectVersion = 46;
	objects = {

/* Begin PBXBuildFile section */
		94765E46A9A1E9965A66AE48 /* Pods_flix.framework in Frameworks */ = {isa = PBXBuildFile; fileRef = 79845D776EC24E8FAADD8504 /* Pods_flix.framework */; };
		A461B9191E43E27100F312DF /* AppDelegate.swift in Sources */ = {isa = PBXBuildFile; fileRef = A461B9181E43E27100F312DF /* AppDelegate.swift */; };
		A461B91E1E43E27100F312DF /* Main.storyboard in Resources */ = {isa = PBXBuildFile; fileRef = A461B91C1E43E27100F312DF /* Main.storyboard */; };
		A461B9201E43E27100F312DF /* Assets.xcassets in Resources */ = {isa = PBXBuildFile; fileRef = A461B91F1E43E27100F312DF /* Assets.xcassets */; };
		A461B9231E43E27100F312DF /* LaunchScreen.storyboard in Resources */ = {isa = PBXBuildFile; fileRef = A461B9211E43E27100F312DF /* LaunchScreen.storyboard */; };
		A461B92D1E43E50100F312DF /* MoviesViewController.swift in Sources */ = {isa = PBXBuildFile; fileRef = A461B92C1E43E50100F312DF /* MoviesViewController.swift */; };
		A461B9301E43FCA300F312DF /* MovieCell.swift in Sources */ = {isa = PBXBuildFile; fileRef = A461B92F1E43FCA300F312DF /* MovieCell.swift */; };
		A48895F11E451DF000349B4B /* DetailViewController.swift in Sources */ = {isa = PBXBuildFile; fileRef = A48895F01E451DF000349B4B /* DetailViewController.swift */; };
/* End PBXBuildFile section */

/* Begin PBXFileReference section */
		79845D776EC24E8FAADD8504 /* Pods_flix.framework */ = {isa = PBXFileReference; explicitFileType = wrapper.framework; includeInIndex = 0; path = Pods_flix.framework; sourceTree = BUILT_PRODUCTS_DIR; };
		A461B9151E43E27100F312DF /* flix.app */ = {isa = PBXFileReference; explicitFileType = wrapper.application; includeInIndex = 0; path = flix.app; sourceTree = BUILT_PRODUCTS_DIR; };
		A461B9181E43E27100F312DF /* AppDelegate.swift */ = {isa = PBXFileReference; lastKnownFileType = sourcecode.swift; path = AppDelegate.swift; sourceTree = "<group>"; };
		A461B91D1E43E27100F312DF /* Base */ = {isa = PBXFileReference; lastKnownFileType = file.storyboard; name = Base; path = Base.lproj/Main.storyboard; sourceTree = "<group>"; };
		A461B91F1E43E27100F312DF /* Assets.xcassets */ = {isa = PBXFileReference; lastKnownFileType = folder.assetcatalog; path = Assets.xcassets; sourceTree = "<group>"; };
		A461B9221E43E27100F312DF /* Base */ = {isa = PBXFileReference; lastKnownFileType = file.storyboard; name = Base; path = Base.lproj/LaunchScreen.storyboard; sourceTree = "<group>"; };
		A461B9241E43E27100F312DF /* Info.plist */ = {isa = PBXFileReference; lastKnownFileType = text.plist.xml; path = Info.plist; sourceTree = "<group>"; };
		A461B92C1E43E50100F312DF /* MoviesViewController.swift */ = {isa = PBXFileReference; fileEncoding = 4; lastKnownFileType = sourcecode.swift; path = MoviesViewController.swift; sourceTree = "<group>"; };
		A461B92F1E43FCA300F312DF /* MovieCell.swift */ = {isa = PBXFileReference; fileEncoding = 4; lastKnownFileType = sourcecode.swift; path = MovieCell.swift; sourceTree = "<group>"; };
		A48895F01E451DF000349B4B /* DetailViewController.swift */ = {isa = PBXFileReference; fileEncoding = 4; lastKnownFileType = sourcecode.swift; path = DetailViewController.swift; sourceTree = "<group>"; };
		E3E25BE3E437887C35E03A95 /* Pods-flix.release.xcconfig */ = {isa = PBXFileReference; includeInIndex = 1; lastKnownFileType = text.xcconfig; name = "Pods-flix.release.xcconfig"; path = "Pods/Target Support Files/Pods-flix/Pods-flix.release.xcconfig"; sourceTree = "<group>"; };
		FCC86DD5568292EEF2F4E5F8 /* Pods-flix.debug.xcconfig */ = {isa = PBXFileReference; includeInIndex = 1; lastKnownFileType = text.xcconfig; name = "Pods-flix.debug.xcconfig"; path = "Pods/Target Support Files/Pods-flix/Pods-flix.debug.xcconfig"; sourceTree = "<group>"; };
/* End PBXFileReference section */

/* Begin PBXFrameworksBuildPhase section */
		A461B9121E43E27100F312DF /* Frameworks */ = {
			isa = PBXFrameworksBuildPhase;
			buildActionMask = 2147483647;
			files = (
				94765E46A9A1E9965A66AE48 /* Pods_flix.framework in Frameworks */,
			);
			runOnlyForDeploymentPostprocessing = 0;
		};
/* End PBXFrameworksBuildPhase section */

/* Begin PBXGroup section */
		1780CD8FDD8EC70F33F1F824 /* Frameworks */ = {
			isa = PBXGroup;
			children = (
				79845D776EC24E8FAADD8504 /* Pods_flix.framework */,
			);
			name = Frameworks;
			sourceTree = "<group>";
		};
		6E0D3156BC17F7F89AAF29EE /* Pods */ = {
			isa = PBXGroup;
			children = (
				FCC86DD5568292EEF2F4E5F8 /* Pods-flix.debug.xcconfig */,
				E3E25BE3E437887C35E03A95 /* Pods-flix.release.xcconfig */,
			);
			name = Pods;
			sourceTree = "<group>";
		};
		A461B90C1E43E27100F312DF = {
			isa = PBXGroup;
			children = (
				A461B9171E43E27100F312DF /* flix */,
				A461B9161E43E27100F312DF /* Products */,
				6E0D3156BC17F7F89AAF29EE /* Pods */,
				1780CD8FDD8EC70F33F1F824 /* Frameworks */,
			);
			sourceTree = "<group>";
		};
		A461B9161E43E27100F312DF /* Products */ = {
			isa = PBXGroup;
			children = (
				A461B9151E43E27100F312DF /* flix.app */,
			);
			name = Products;
			sourceTree = "<group>";
		};
		A461B9171E43E27100F312DF /* flix */ = {
			isa = PBXGroup;
			children = (
				A461B9311E43FCC900F312DF /* View Controllers */,
				A461B92E1E43FC4800F312DF /* Views */,
				A461B9181E43E27100F312DF /* AppDelegate.swift */,
				A461B91C1E43E27100F312DF /* Main.storyboard */,
				A461B91F1E43E27100F312DF /* Assets.xcassets */,
				A461B9211E43E27100F312DF /* LaunchScreen.storyboard */,
				A461B9241E43E27100F312DF /* Info.plist */,
			);
			path = flix;
			sourceTree = "<group>";
		};
		A461B92E1E43FC4800F312DF /* Views */ = {
			isa = PBXGroup;
			children = (
				A461B92F1E43FCA300F312DF /* MovieCell.swift */,
			);
			name = Views;
			sourceTree = "<group>";
		};
		A461B9311E43FCC900F312DF /* View Controllers */ = {
			isa = PBXGroup;
			children = (
				A461B92C1E43E50100F312DF /* MoviesViewController.swift */,
				A48895F01E451DF000349B4B /* DetailViewController.swift */,
			);
			name = "View Controllers";
			sourceTree = "<group>";
		};
/* End PBXGroup section */

/* Begin PBXNativeTarget section */
		A461B9141E43E27100F312DF /* flix */ = {
			isa = PBXNativeTarget;
			buildConfigurationList = A461B9271E43E27100F312DF /* Build configuration list for PBXNativeTarget "flix" */;
			buildPhases = (
				3F6C1764E6CD61FDAA650C8D /* [CP] Check Pods Manifest.lock */,
				A461B9111E43E27100F312DF /* Sources */,
				A461B9121E43E27100F312DF /* Frameworks */,
				A461B9131E43E27100F312DF /* Resources */,
				BBF0A9034948C982EE334ECC /* [CP] Embed Pods Frameworks */,
				C89DB6884996C929D8CE23A9 /* [CP] Copy Pods Resources */,
			);
			buildRules = (
			);
			dependencies = (
			);
			name = flix;
			productName = flix;
			productReference = A461B9151E43E27100F312DF /* flix.app */;
			productType = "com.apple.product-type.application";
		};
/* End PBXNativeTarget section */

/* Begin PBXProject section */
		A461B90D1E43E27100F312DF /* Project object */ = {
			isa = PBXProject;
			attributes = {
				LastSwiftUpdateCheck = 0800;
				LastUpgradeCheck = 0800;
				ORGANIZATIONNAME = "Sanyam Satia";
				TargetAttributes = {
					A461B9141E43E27100F312DF = {
						CreatedOnToolsVersion = 8.0;
						ProvisioningStyle = Automatic;
					};
				};
			};
			buildConfigurationList = A461B9101E43E27100F312DF /* Build configuration list for PBXProject "flix" */;
			compatibilityVersion = "Xcode 3.2";
			developmentRegion = English;
			hasScannedForEncodings = 0;
			knownRegions = (
				en,
				Base,
			);
			mainGroup = A461B90C1E43E27100F312DF;
			productRefGroup = A461B9161E43E27100F312DF /* Products */;
			projectDirPath = "";
			projectRoot = "";
			targets = (
				A461B9141E43E27100F312DF /* flix */,
			);
		};
/* End PBXProject section */

/* Begin PBXResourcesBuildPhase section */
		A461B9131E43E27100F312DF /* Resources */ = {
			isa = PBXResourcesBuildPhase;
			buildActionMask = 2147483647;
			files = (
				A461B9231E43E27100F312DF /* LaunchScreen.storyboard in Resources */,
				A461B9201E43E27100F312DF /* Assets.xcassets in Resources */,
				A461B91E1E43E27100F312DF /* Main.storyboard in Resources */,
			);
			runOnlyForDeploymentPostprocessing = 0;
		};
/* End PBXResourcesBuildPhase section */

/* Begin PBXShellScriptBuildPhase section */
		3F6C1764E6CD61FDAA650C8D /* [CP] Check Pods Manifest.lock */ = {
			isa = PBXShellScriptBuildPhase;
			buildActionMask = 2147483647;
			files = (
			);
			inputPaths = (
			);
			name = "[CP] Check Pods Manifest.lock";
			outputPaths = (
			);
			runOnlyForDeploymentPostprocessing = 0;
			shellPath = /bin/sh;
			shellScript = "diff \"${PODS_ROOT}/../Podfile.lock\" \"${PODS_ROOT}/Manifest.lock\" > /dev/null\nif [ $? != 0 ] ; then\n    # print error to STDERR\n    echo \"error: The sandbox is not in sync with the Podfile.lock. Run 'pod install' or update your CocoaPods installation.\" >&2\n    exit 1\nfi\n";
			showEnvVarsInLog = 0;
		};
		BBF0A9034948C982EE334ECC /* [CP] Embed Pods Frameworks */ = {
			isa = PBXShellScriptBuildPhase;
			buildActionMask = 2147483647;
			files = (
			);
			inputPaths = (
			);
			name = "[CP] Embed Pods Frameworks";
			outputPaths = (
			);
			runOnlyForDeploymentPostprocessing = 0;
			shellPath = /bin/sh;
			shellScript = "\"${SRCROOT}/Pods/Target Support Files/Pods-flix/Pods-flix-frameworks.sh\"\n";
			showEnvVarsInLog = 0;
		};
		C89DB6884996C929D8CE23A9 /* [CP] Copy Pods Resources */ = {
			isa = PBXShellScriptBuildPhase;
			buildActionMask = 2147483647;
			files = (
			);
			inputPaths = (
			);
			name = "[CP] Copy Pods Resources";
			outputPaths = (
			);
			runOnlyForDeploymentPostprocessing = 0;
			shellPath = /bin/sh;
			shellScript = "\"${SRCROOT}/Pods/Target Support Files/Pods-flix/Pods-flix-resources.sh\"\n";
			showEnvVarsInLog = 0;
		};
/* End PBXShellScriptBuildPhase section */

/* Begin PBXSourcesBuildPhase section */
		A461B9111E43E27100F312DF /* Sources */ = {
			isa = PBXSourcesBuildPhase;
			buildActionMask = 2147483647;
			files = (
				A461B9191E43E27100F312DF /* AppDelegate.swift in Sources */,
				A461B92D1E43E50100F312DF /* MoviesViewController.swift in Sources */,
				A461B9301E43FCA300F312DF /* MovieCell.swift in Sources */,
				A48895F11E451DF000349B4B /* DetailViewController.swift in Sources */,
			);
			runOnlyForDeploymentPostprocessing = 0;
		};
/* End PBXSourcesBuildPhase section */

/* Begin PBXVariantGroup section */
		A461B91C1E43E27100F312DF /* Main.storyboard */ = {
			isa = PBXVariantGroup;
			children = (
				A461B91D1E43E27100F312DF /* Base */,
			);
			name = Main.storyboard;
			sourceTree = "<group>";
		};
		A461B9211E43E27100F312DF /* LaunchScreen.storyboard */ = {
			isa = PBXVariantGroup;
			children = (
				A461B9221E43E27100F312DF /* Base */,
			);
			name = LaunchScreen.storyboard;
			sourceTree = "<group>";
		};
/* End PBXVariantGroup section */

/* Begin XCBuildConfiguration section */
		A461B9251E43E27100F312DF /* Debug */ = {
			isa = XCBuildConfiguration;
			buildSettings = {
				ALWAYS_SEARCH_USER_PATHS = NO;
				CLANG_ANALYZER_NONNULL = YES;
				CLANG_CXX_LANGUAGE_STANDARD = "gnu++0x";
				CLANG_CXX_LIBRARY = "libc++";
				CLANG_ENABLE_MODULES = YES;
				CLANG_ENABLE_OBJC_ARC = YES;
				CLANG_WARN_BOOL_CONVERSION = YES;
				CLANG_WARN_CONSTANT_CONVERSION = YES;
				CLANG_WARN_DIRECT_OBJC_ISA_USAGE = YES_ERROR;
				CLANG_WARN_DOCUMENTATION_COMMENTS = YES;
				CLANG_WARN_EMPTY_BODY = YES;
				CLANG_WARN_ENUM_CONVERSION = YES;
				CLANG_WARN_INFINITE_RECURSION = YES;
				CLANG_WARN_INT_CONVERSION = YES;
				CLANG_WARN_OBJC_ROOT_CLASS = YES_ERROR;
				CLANG_WARN_SUSPICIOUS_MOVE = YES;
				CLANG_WARN_SUSPICIOUS_MOVES = YES;
				CLANG_WARN_UNREACHABLE_CODE = YES;
				CLANG_WARN__DUPLICATE_METHOD_MATCH = YES;
				"CODE_SIGN_IDENTITY[sdk=iphoneos*]" = "iPhone Developer";
				COPY_PHASE_STRIP = NO;
				DEBUG_INFORMATION_FORMAT = dwarf;
				ENABLE_STRICT_OBJC_MSGSEND = YES;
				ENABLE_TESTABILITY = YES;
				GCC_C_LANGUAGE_STANDARD = gnu99;
				GCC_DYNAMIC_NO_PIC = NO;
				GCC_NO_COMMON_BLOCKS = YES;
				GCC_OPTIMIZATION_LEVEL = 0;
				GCC_PREPROCESSOR_DEFINITIONS = (
					"DEBUG=1",
					"$(inherited)",
				);
				GCC_WARN_64_TO_32_BIT_CONVERSION = YES;
				GCC_WARN_ABOUT_RETURN_TYPE = YES_ERROR;
				GCC_WARN_UNDECLARED_SELECTOR = YES;
				GCC_WARN_UNINITIALIZED_AUTOS = YES_AGGRESSIVE;
				GCC_WARN_UNUSED_FUNCTION = YES;
				GCC_WARN_UNUSED_VARIABLE = YES;
				IPHONEOS_DEPLOYMENT_TARGET = 10.0;
				MTL_ENABLE_DEBUG_INFO = YES;
				ONLY_ACTIVE_ARCH = YES;
				SDKROOT = iphoneos;
				SWIFT_ACTIVE_COMPILATION_CONDITIONS = DEBUG;
				SWIFT_OPTIMIZATION_LEVEL = "-Onone";
			};
			name = Debug;
		};
		A461B9261E43E27100F312DF /* Release */ = {
			isa = XCBuildConfiguration;
			buildSettings = {
				ALWAYS_SEARCH_USER_PATHS = NO;
				CLANG_ANALYZER_NONNULL = YES;
				CLANG_CXX_LANGUAGE_STANDARD = "gnu++0x";
				CLANG_CXX_LIBRARY = "libc++";
				CLANG_ENABLE_MODULES = YES;
				CLANG_ENABLE_OBJC_ARC = YES;
				CLANG_WARN_BOOL_CONVERSION = YES;
				CLANG_WARN_CONSTANT_CONVERSION = YES;
				CLANG_WARN_DIRECT_OBJC_ISA_USAGE = YES_ERROR;
				CLANG_WARN_DOCUMENTATION_COMMENTS = YES;
				CLANG_WARN_EMPTY_BODY = YES;
				CLANG_WARN_ENUM_CONVERSION = YES;
				CLANG_WARN_INFINITE_RECURSION = YES;
				CLANG_WARN_INT_CONVERSION = YES;
				CLANG_WARN_OBJC_ROOT_CLASS = YES_ERROR;
				CLANG_WARN_SUSPICIOUS_MOVE = YES;
				CLANG_WARN_SUSPICIOUS_MOVES = YES;
				CLANG_WARN_UNREACHABLE_CODE = YES;
				CLANG_WARN__DUPLICATE_METHOD_MATCH = YES;
				"CODE_SIGN_IDENTITY[sdk=iphoneos*]" = "iPhone Developer";
				COPY_PHASE_STRIP = NO;
				DEBUG_INFORMATION_FORMAT = "dwarf-with-dsym";
				ENABLE_NS_ASSERTIONS = NO;
				ENABLE_STRICT_OBJC_MSGSEND = YES;
				GCC_C_LANGUAGE_STANDARD = gnu99;
				GCC_NO_COMMON_BLOCKS = YES;
				GCC_WARN_64_TO_32_BIT_CONVERSION = YES;
				GCC_WARN_ABOUT_RETURN_TYPE = YES_ERROR;
				GCC_WARN_UNDECLARED_SELECTOR = YES;
				GCC_WARN_UNINITIALIZED_AUTOS = YES_AGGRESSIVE;
				GCC_WARN_UNUSED_FUNCTION = YES;
				GCC_WARN_UNUSED_VARIABLE = YES;
				IPHONEOS_DEPLOYMENT_TARGET = 10.0;
				MTL_ENABLE_DEBUG_INFO = NO;
				SDKROOT = iphoneos;
				SWIFT_OPTIMIZATION_LEVEL = "-Owholemodule";
				VALIDATE_PRODUCT = YES;
			};
			name = Release;
		};
		A461B9281E43E27100F312DF /* Debug */ = {
			isa = XCBuildConfiguration;
			baseConfigurationReference = FCC86DD5568292EEF2F4E5F8 /* Pods-flix.debug.xcconfig */;
			buildSettings = {
				ASSETCATALOG_COMPILER_APPICON_NAME = AppIcon;
				INFOPLIST_FILE = flix/Info.plist;
				LD_RUNPATH_SEARCH_PATHS = "$(inherited) @executable_path/Frameworks";
				PRODUCT_BUNDLE_IDENTIFIER = ss.flix;
				PRODUCT_NAME = "$(TARGET_NAME)";
				SWIFT_VERSION = 3.0;
			};
			name = Debug;
		};
		A461B9291E43E27100F312DF /* Release */ = {
			isa = XCBuildConfiguration;
			baseConfigurationReference = E3E25BE3E437887C35E03A95 /* Pods-flix.release.xcconfig */;
			buildSettings = {
				ASSETCATALOG_COMPILER_APPICON_NAME = AppIcon;
				INFOPLIST_FILE = flix/Info.plist;
				LD_RUNPATH_SEARCH_PATHS = "$(inherited) @executable_path/Frameworks";
				PRODUCT_BUNDLE_IDENTIFIER = ss.flix;
				PRODUCT_NAME = "$(TARGET_NAME)";
				SWIFT_VERSION = 3.0;
			};
			name = Release;
		};
/* End XCBuildConfiguration section */

/* Begin XCConfigurationList section */
		A461B9101E43E27100F312DF /* Build configuration list for PBXProject "flix" */ = {
			isa = XCConfigurationList;
			buildConfigurations = (
				A461B9251E43E27100F312DF /* Debug */,
				A461B9261E43E27100F312DF /* Release */,
			);
			defaultConfigurationIsVisible = 0;
			defaultConfigurationName = Release;
		};
		A461B9271E43E27100F312DF /* Build configuration list for PBXNativeTarget "flix" */ = {
			isa = XCConfigurationList;
			buildConfigurations = (
				A461B9281E43E27100F312DF /* Debug */,
				A461B9291E43E27100F312DF /* Release */,
			);
			defaultConfigurationIsVisible = 0;
			defaultConfigurationName = Release;
		};
/* End XCConfigurationList section */
	};
	rootObject = A461B90D1E43E27100F312DF /* Project object */;
}
